
Microsoft Visual Studio Solution File, Format Version 12.00
# Visual Studio Version 17
VisualStudioVersion = 17.5.33530.505
MinimumVisualStudioVersion = 10.0.40219.1
Project("{FAE04EC0-301F-11D3-BF4B-00C04F79EFBC}") = "BlazorEcommerce.Server", "BlazorEcommerce\Server\BlazorEcommerce.Server.csproj", "{46973F77-F384-4B21-91BB-C555EC489413}"
EndProject
Project("{FAE04EC0-301F-11D3-BF4B-00C04F79EFBC}") = "BlazorEcommerce.Client", "BlazorEcommerce\Client\BlazorEcommerce.Client.csproj", "{B60255BB-0855-41CC-904D-52AF14E47BBE}"
EndProject
Project("{FAE04EC0-301F-11D3-BF4B-00C04F79EFBC}") = "BlazorEcommerce.Shared", "BlazorEcommerce\Shared\BlazorEcommerce.Shared.csproj", "{E03747A0-469D-4EEF-AC42-B2774633BF46}"
EndProject
Global
	GlobalSection(SolutionConfigurationPlatforms) = preSolution
		Debug|Any CPU = Debug|Any CPU
		Release|Any CPU = Release|Any CPU
	EndGlobalSection
	GlobalSection(ProjectConfigurationPlatforms) = postSolution
		{46973F77-F384-4B21-91BB-C555EC489413}.Debug|Any CPU.ActiveCfg = Debug|Any CPU
		{46973F77-F384-4B21-91BB-C555EC489413}.Debug|Any CPU.Build.0 = Debug|Any CPU
		{46973F77-F384-4B21-91BB-C555EC489413}.Release|Any CPU.ActiveCfg = Release|Any CPU
		{46973F77-F384-4B21-91BB-C555EC489413}.Release|Any CPU.Build.0 = Release|Any CPU
		{B60255BB-0855-41CC-904D-52AF14E47BBE}.Debug|Any CPU.ActiveCfg = Debug|Any CPU
		{B60255BB-0855-41CC-904D-52AF14E47BBE}.Debug|Any CPU.Build.0 = Debug|Any CPU
		{B60255BB-0855-41CC-904D-52AF14E47BBE}.Release|Any CPU.ActiveCfg = Release|Any CPU
		{B60255BB-0855-41CC-904D-52AF14E47BBE}.Release|Any CPU.Build.0 = Release|Any CPU
		{E03747A0-469D-4EEF-AC42-B2774633BF46}.Debug|Any CPU.ActiveCfg = Debug|Any CPU
		{E03747A0-469D-4EEF-AC42-B2774633BF46}.Debug|Any CPU.Build.0 = Debug|Any CPU
		{E03747A0-469D-4EEF-AC42-B2774633BF46}.Release|Any CPU.ActiveCfg = Release|Any CPU
		{E03747A0-469D-4EEF-AC42-B2774633BF46}.Release|Any CPU.Build.0 = Release|Any CPU
	EndGlobalSection
	GlobalSection(SolutionProperties) = preSolution
		HideSolutionNode = FALSE
	EndGlobalSection
	GlobalSection(ExtensibilityGlobals) = postSolution
		SolutionGuid = {21B60B16-9324-4738-B519-8F43C2AFAE56}
	EndGlobalSection
EndGlobal
